// !$*UTF8*$!
{
	archiveVersion = 1;
	classes = {
	};
	objectVersion = 50;
	objects = {

/* Begin PBXBuildFile section */
		2378DA99269D7677006E3C8B /* ContentView.swift in Sources */ = {isa = PBXBuildFile; fileRef = 2378DA96269D7677006E3C8B /* ContentView.swift */; };
		2378DA9A269D7677006E3C8B /* RectPreference.swift in Sources */ = {isa = PBXBuildFile; fileRef = 2378DA97269D7677006E3C8B /* RectPreference.swift */; };
		2378DA9B269D7677006E3C8B /* UnderlineModifier.swift in Sources */ = {isa = PBXBuildFile; fileRef = 2378DA98269D7677006E3C8B /* UnderlineModifier.swift */; };
		2392D1DB269D760E001A615A /* AppDelegate.swift in Sources */ = {isa = PBXBuildFile; fileRef = 2392D1DA269D760E001A615A /* AppDelegate.swift */; };
		2392D1DD269D760E001A615A /* SceneDelegate.swift in Sources */ = {isa = PBXBuildFile; fileRef = 2392D1DC269D760E001A615A /* SceneDelegate.swift */; };
		2392D1E1269D7610001A615A /* Assets.xcassets in Resources */ = {isa = PBXBuildFile; fileRef = 2392D1E0269D7610001A615A /* Assets.xcassets */; };
		2392D1E4269D7610001A615A /* Preview Assets.xcassets in Resources */ = {isa = PBXBuildFile; fileRef = 2392D1E3269D7610001A615A /* Preview Assets.xcassets */; };
		2392D1E7269D7610001A615A /* LaunchScreen.storyboard in Resources */ = {isa = PBXBuildFile; fileRef = 2392D1E5269D7610001A615A /* LaunchScreen.storyboard */; };
/* End PBXBuildFile section */

/* Begin PBXFileReference section */
		2378DA96269D7677006E3C8B /* ContentView.swift */ = {isa = PBXFileReference; fileEncoding = 4; lastKnownFileType = sourcecode.swift; path = ContentView.swift; sourceTree = "<group>"; };
		2378DA97269D7677006E3C8B /* RectPreference.swift */ = {isa = PBXFileReference; fileEncoding = 4; lastKnownFileType = sourcecode.swift; path = RectPreference.swift; sourceTree = "<group>"; };
		2378DA98269D7677006E3C8B /* UnderlineModifier.swift */ = {isa = PBXFileReference; fileEncoding = 4; lastKnownFileType = sourcecode.swift; path = UnderlineModifier.swift; sourceTree = "<group>"; };
		2392D1D7269D760E001A615A /* CustomSegmentedControl.app */ = {isa = PBXFileReference; explicitFileType = wrapper.application; includeInIndex = 0; path = CustomSegmentedControl.app; sourceTree = BUILT_PRODUCTS_DIR; };
		2392D1DA269D760E001A615A /* AppDelegate.swift */ = {isa = PBXFileReference; lastKnownFileType = sourcecode.swift; path = AppDelegate.swift; sourceTree = "<group>"; };
		2392D1DC269D760E001A615A /* SceneDelegate.swift */ = {isa = PBXFileReference; lastKnownFileType = sourcecode.swift; path = SceneDelegate.swift; sourceTree = "<group>"; };
		2392D1E0269D7610001A615A /* Assets.xcassets */ = {isa = PBXFileReference; lastKnownFileType = folder.assetcatalog; path = Assets.xcassets; sourceTree = "<group>"; };
		2392D1E3269D7610001A615A /* Preview Assets.xcassets */ = {isa = PBXFileReference; lastKnownFileType = folder.assetcatalog; path = "Preview Assets.xcassets"; sourceTree = "<group>"; };
		2392D1E6269D7610001A615A /* Base */ = {isa = PBXFileReference; lastKnownFileType = file.storyboard; name = Base; path = Base.lproj/LaunchScreen.storyboard; sourceTree = "<group>"; };
		2392D1E8269D7610001A615A /* Info.plist */ = {isa = PBXFileReference; lastKnownFileType = text.plist.xml; path = Info.plist; sourceTree = "<group>"; };
/* End PBXFileReference section */

/* Begin PBXFrameworksBuildPhase section */
		2392D1D4269D760E001A615A /* Frameworks */ = {
			isa = PBXFrameworksBuildPhase;
			buildActionMask = 2147483647;
			files = (
			);
			runOnlyForDeploymentPostprocessing = 0;
		};
/* End PBXFrameworksBuildPhase section */

/* Begin PBXGroup section */
		2392D1CE269D760E001A615A = {
			isa = PBXGroup;
			children = (
				2392D1D9269D760E001A615A /* CustomSegmentedControl */,
				2392D1D8269D760E001A615A /* Products */,
			);
			sourceTree = "<group>";
		};
		2392D1D8269D760E001A615A /* Products */ = {
			isa = PBXGroup;
			children = (
				2392D1D7269D760E001A615A /* CustomSegmentedControl.app */,
			);
			name = Products;
			sourceTree = "<group>";
		};
		2392D1D9269D760E001A615A /* CustomSegmentedControl */ = {
			isa = PBXGroup;
			children = (
				2378DA96269D7677006E3C8B /* ContentView.swift */,
				2378DA97269D7677006E3C8B /* RectPreference.swift */,
				2378DA98269D7677006E3C8B /* UnderlineModifier.swift */,
				2392D1DA269D760E001A615A /* AppDelegate.swift */,
				2392D1DC269D760E001A615A /* SceneDelegate.swift */,
				2392D1E0269D7610001A615A /* Assets.xcassets */,
				2392D1E5269D7610001A615A /* LaunchScreen.storyboard */,
				2392D1E8269D7610001A615A /* Info.plist */,
				2392D1E2269D7610001A615A /* Preview Content */,
			);
			path = CustomSegmentedControl;
			sourceTree = "<group>";
		};
		2392D1E2269D7610001A615A /* Preview Content */ = {
			isa = PBXGroup;
			children = (
				2392D1E3269D7610001A615A /* Preview Assets.xcassets */,
			);
			path = "Preview Content";
			sourceTree = "<group>";
		};
/* End PBXGroup section */

/* Begin PBXNativeTarget section */
		2392D1D6269D760E001A615A /* CustomSegmentedControl */ = {
			isa = PBXNativeTarget;
			buildConfigurationList = 2392D1EB269D7610001A615A /* Build configuration list for PBXNativeTarget "CustomSegmentedControl" */;
			buildPhases = (
				2392D1D3269D760E001A615A /* Sources */,
				2392D1D4269D760E001A615A /* Frameworks */,
				2392D1D5269D760E001A615A /* Resources */,
			);
			buildRules = (
			);
			dependencies = (
			);
			name = CustomSegmentedControl;
			productName = CustomSegmentedControl;
			productReference = 2392D1D7269D760E001A615A /* CustomSegmentedControl.app */;
			productType = "com.apple.product-type.application";
		};
/* End PBXNativeTarget section */

/* Begin PBXProject section */
		2392D1CF269D760E001A615A /* Project object */ = {
			isa = PBXProject;
			attributes = {
				LastSwiftUpdateCheck = 1250;
				LastUpgradeCheck = 1250;
				TargetAttributes = {
					2392D1D6269D760E001A615A = {
						CreatedOnToolsVersion = 12.5;
					};
				};
			};
			buildConfigurationList = 2392D1D2269D760E001A615A /* Build configuration list for PBXProject "CustomSegmentedControl" */;
			compatibilityVersion = "Xcode 9.3";
			developmentRegion = en;
			hasScannedForEncodings = 0;
			knownRegions = (
				en,
				Base,
			);
			mainGroup = 2392D1CE269D760E001A615A;
			productRefGroup = 2392D1D8269D760E001A615A /* Products */;
			projectDirPath = "";
			projectRoot = "";
			targets = (
				2392D1D6269D760E001A615A /* CustomSegmentedControl */,
			);
		};
/* End PBXProject section */

/* Begin PBXResourcesBuildPhase section */
		2392D1D5269D760E001A615A /* Resources */ = {
			isa = PBXResourcesBuildPhase;
			buildActionMask = 2147483647;
			files = (
				2392D1E7269D7610001A615A /* LaunchScreen.storyboard in Resources */,
				2392D1E4269D7610001A615A /* Preview Assets.xcassets in Resources */,
				2392D1E1269D7610001A615A /* Assets.xcassets in Resources */,
			);
			runOnlyForDeploymentPostprocessing = 0;
		};
/* End PBXResourcesBuildPhase section */

/* Begin PBXSourcesBuildPhase section */
		2392D1D3269D760E001A615A /* Sources */ = {
			isa = PBXSourcesBuildPhase;
			buildActionMask = 2147483647;
			files = (
				2378DA9A269D7677006E3C8B /* RectPreference.swift in Sources */,
				2378DA9B269D7677006E3C8B /* UnderlineModifier.swift in Sources */,
				2392D1DB269D760E001A615A /* AppDelegate.swift in Sources */,
				2392D1DD269D760E001A615A /* SceneDelegate.swift in Sources */,
				2378DA99269D7677006E3C8B /* ContentView.swift in Sources */,
			);
			runOnlyForDeploymentPostprocessing = 0;
		};
/* End PBXSourcesBuildPhase section */

/* Begin PBXVariantGroup section */
		2392D1E5269D7610001A615A /* LaunchScreen.storyboard */ = {
			isa = PBXVariantGroup;
			children = (
				2392D1E6269D7610001A615A /* Base */,
			);
			name = LaunchScreen.storyboard;
			sourceTree = "<group>";
		};
/* End PBXVariantGroup section */

/* Begin XCBuildConfiguration section */
		2392D1E9269D7610001A615A /* Debug */ = {
			isa = XCBuildConfiguration;
			buildSettings = {
				ALWAYS_SEARCH_USER_PATHS = NO;
				CLANG_ANALYZER_NONNULL = YES;
				CLANG_ANALYZER_NUMBER_OBJECT_CONVERSION = YES_AGGRESSIVE;
				CLANG_CXX_LANGUAGE_STANDARD = "gnu++14";
				CLANG_CXX_LIBRARY = "libc++";
				CLANG_ENABLE_MODULES = YES;
				CLANG_ENABLE_OBJC_ARC = YES;
				CLANG_ENABLE_OBJC_WEAK = YES;
				CLANG_WARN_BLOCK_CAPTURE_AUTORELEASING = YES;
				CLANG_WARN_BOOL_CONVERSION = YES;
				CLANG_WARN_COMMA = YES;
				CLANG_WARN_CONSTANT_CONVERSION = YES;
				CLANG_WARN_DEPRECATED_OBJC_IMPLEMENTATIONS = YES;
				CLANG_WARN_DIRECT_OBJC_ISA_USAGE = YES_ERROR;
				CLANG_WARN_DOCUMENTATION_COMMENTS = YES;
				CLANG_WARN_EMPTY_BODY = YES;
				CLANG_WARN_ENUM_CONVERSION = YES;
				CLANG_WARN_INFINITE_RECURSION = YES;
				CLANG_WARN_INT_CONVERSION = YES;
				CLANG_WARN_NON_LITERAL_NULL_CONVERSION = YES;
				CLANG_WARN_OBJC_IMPLICIT_RETAIN_SELF = YES;
				CLANG_WARN_OBJC_LITERAL_CONVERSION = YES;
				CLANG_WARN_OBJC_ROOT_CLASS = YES_ERROR;
				CLANG_WARN_QUOTED_INCLUDE_IN_FRAMEWORK_HEADER = YES;
				CLANG_WARN_RANGE_LOOP_ANALYSIS = YES;
				CLANG_WARN_STRICT_PROTOTYPES = YES;
				CLANG_WARN_SUSPICIOUS_MOVE = YES;
				CLANG_WARN_UNGUARDED_AVAILABILITY = YES_AGGRESSIVE;
				CLANG_WARN_UNREACHABLE_CODE = YES;
				CLANG_WARN__DUPLICATE_METHOD_MATCH = YES;
				COPY_PHASE_STRIP = NO;
				DEBUG_INFORMATION_FORMAT = dwarf;
				ENABLE_STRICT_OBJC_MSGSEND = YES;
				ENABLE_TESTABILITY = YES;
				GCC_C_LANGUAGE_STANDARD = gnu11;
				GCC_DYNAMIC_NO_PIC = NO;
				GCC_NO_COMMON_BLOCKS = YES;
				GCC_OPTIMIZATION_LEVEL = 0;
				GCC_PREPROCESSOR_DEFINITIONS = (
					"DEBUG=1",
					"$(inherited)",
				);
				GCC_WARN_64_TO_32_BIT_CONVERSION = YES;
				GCC_WARN_ABOUT_RETURN_TYPE = YES_ERROR;
				GCC_WARN_UNDECLARED_SELECTOR = YES;
				GCC_WARN_UNINITIALIZED_AUTOS = YES_AGGRESSIVE;
				GCC_WARN_UNUSED_FUNCTION = YES;
				GCC_WARN_UNUSED_VARIABLE = YES;
				IPHONEOS_DEPLOYMENT_TARGET = 13.0;
				MTL_ENABLE_DEBUG_INFO = INCLUDE_SOURCE;
				MTL_FAST_MATH = YES;
				ONLY_ACTIVE_ARCH = YES;
				SDKROOT = iphoneos;
				SWIFT_ACTIVE_COMPILATION_CONDITIONS = DEBUG;
				SWIFT_OPTIMIZATION_LEVEL = "-Onone";
			};
			name = Debug;
		};
		2392D1EA269D7610001A615A /* Release */ = {
			isa = XCBuildConfiguration;
			buildSettings = {
				ALWAYS_SEARCH_USER_PATHS = NO;
				CLANG_ANALYZER_NONNULL = YES;
				CLANG_ANALYZER_NUMBER_OBJECT_CONVERSION = YES_AGGRESSIVE;
				CLANG_CXX_LANGUAGE_STANDARD = "gnu++14";
				CLANG_CXX_LIBRARY = "libc++";
				CLANG_ENABLE_MODULES = YES;
				CLANG_ENABLE_OBJC_ARC = YES;
				CLANG_ENABLE_OBJC_WEAK = YES;
				CLANG_WARN_BLOCK_CAPTURE_AUTORELEASING = YES;
				CLANG_WARN_BOOL_CONVERSION = YES;
				CLANG_WARN_COMMA = YES;
				CLANG_WARN_CONSTANT_CONVERSION = YES;
				CLANG_WARN_DEPRECATED_OBJC_IMPLEMENTATIONS = YES;
				CLANG_WARN_DIRECT_OBJC_ISA_USAGE = YES_ERROR;
				CLANG_WARN_DOCUMENTATION_COMMENTS = YES;
				CLANG_WARN_EMPTY_BODY = YES;
				CLANG_WARN_ENUM_CONVERSION = YES;
				CLANG_WARN_INFINITE_RECURSION = YES;
				CLANG_WARN_INT_CONVERSION = YES;
				CLANG_WARN_NON_LITERAL_NULL_CONVERSION = YES;
				CLANG_WARN_OBJC_IMPLICIT_RETAIN_SELF = YES;
				CLANG_WARN_OBJC_LITERAL_CONVERSION = YES;
				CLANG_WARN_OBJC_ROOT_CLASS = YES_ERROR;
				CLANG_WARN_QUOTED_INCLUDE_IN_FRAMEWORK_HEADER = YES;
				CLANG_WARN_RANGE_LOOP_ANALYSIS = YES;
				CLANG_WARN_STRICT_PROTOTYPES = YES;
				CLANG_WARN_SUSPICIOUS_MOVE = YES;
				CLANG_WARN_UNGUARDED_AVAILABILITY = YES_AGGRESSIVE;
				CLANG_WARN_UNREACHABLE_CODE = YES;
				CLANG_WARN__DUPLICATE_METHOD_MATCH = YES;
				COPY_PHASE_STRIP = NO;
				DEBUG_INFORMATION_FORMAT = "dwarf-with-dsym";
				ENABLE_NS_ASSERTIONS = NO;
				ENABLE_STRICT_OBJC_MSGSEND = YES;
				GCC_C_LANGUAGE_STANDARD = gnu11;
				GCC_NO_COMMON_BLOCKS = YES;
				GCC_WARN_64_TO_32_BIT_CONVERSION = YES;
				GCC_WARN_ABOUT_RETURN_TYPE = YES_ERROR;
				GCC_WARN_UNDECLARED_SELECTOR = YES;
				GCC_WARN_UNINITIALIZED_AUTOS = YES_AGGRESSIVE;
				GCC_WARN_UNUSED_FUNCTION = YES;
				GCC_WARN_UNUSED_VARIABLE = YES;
				IPHONEOS_DEPLOYMENT_TARGET = 13.0;
				MTL_ENABLE_DEBUG_INFO = NO;
				MTL_FAST_MATH = YES;
				SDKROOT = iphoneos;
				SWIFT_COMPILATION_MODE = wholemodule;
				SWIFT_OPTIMIZATION_LEVEL = "-O";
				VALIDATE_PRODUCT = YES;
			};
			name = Release;
		};
		2392D1EC269D7610001A615A /* Debug */ = {
			isa = XCBuildConfiguration;
			buildSettings = {
				ASSETCATALOG_COMPILER_APPICON_NAME = AppIcon;
				ASSETCATALOG_COMPILER_GLOBAL_ACCENT_COLOR_NAME = AccentColor;
				CODE_SIGN_STYLE = Automatic;
				DEVELOPMENT_ASSET_PATHS = "\"CustomSegmentedControl/Preview Content\"";
				DEVELOPMENT_TEAM = 5G3WB7H98N;
				ENABLE_PREVIEWS = YES;
				INFOPLIST_FILE = CustomSegmentedControl/Info.plist;
				IPHONEOS_DEPLOYMENT_TARGET = 13.0;
				LD_RUNPATH_SEARCH_PATHS = (
					"$(inherited)",
					"@executable_path/Frameworks",
				);
				PRODUCT_BUNDLE_IDENTIFIER = de.bild.CustomSegmentedControl;
				PRODUCT_NAME = "$(TARGET_NAME)";
				SWIFT_VERSION = 5.0;
				TARGETED_DEVICE_FAMILY = "1,2";
			};
			name = Debug;
		};
		2392D1ED269D7610001A615A /* Release */ = {
			isa = XCBuildConfiguration;
			buildSettings = {
				ASSETCATALOG_COMPILER_APPICON_NAME = AppIcon;
				ASSETCATALOG_COMPILER_GLOBAL_ACCENT_COLOR_NAME = AccentColor;
				CODE_SIGN_STYLE = Automatic;
				DEVELOPMENT_ASSET_PATHS = "\"CustomSegmentedControl/Preview Content\"";
				DEVELOPMENT_TEAM = 5G3WB7H98N;
				ENABLE_PREVIEWS = YES;
				INFOPLIST_FILE = CustomSegmentedControl/Info.plist;
				IPHONEOS_DEPLOYMENT_TARGET = 13.0;
				LD_RUNPATH_SEARCH_PATHS = (
					"$(inherited)",
					"@executable_path/Frameworks",
				);
				PRODUCT_BUNDLE_IDENTIFIER = de.bild.CustomSegmentedControl;
				PRODUCT_NAME = "$(TARGET_NAME)";
				SWIFT_VERSION = 5.0;
				TARGETED_DEVICE_FAMILY = "1,2";
			};
			name = Release;
		};
/* End XCBuildConfiguration section */

/* Begin XCConfigurationList section */
		2392D1D2269D760E001A615A /* Build configuration list for PBXProject "CustomSegmentedControl" */ = {
			isa = XCConfigurationList;
			buildConfigurations = (
				2392D1E9269D7610001A615A /* Debug */,
				2392D1EA269D7610001A615A /* Release */,
			);
			defaultConfigurationIsVisible = 0;
			defaultConfigurationName = Release;
		};
		2392D1EB269D7610001A615A /* Build configuration list for PBXNativeTarget "CustomSegmentedControl" */ = {
			isa = XCConfigurationList;
			buildConfigurations = (
				2392D1EC269D7610001A615A /* Debug */,
				2392D1ED269D7610001A615A /* Release */,
			);
			defaultConfigurationIsVisible = 0;
			defaultConfigurationName = Release;
		};
/* End XCConfigurationList section */
	};
	rootObject = 2392D1CF269D760E001A615A /* Project object */;
}
